
Microsoft Visual Studio Solution File, Format Version 12.00
# Visual Studio 15
VisualStudioVersion = 15.0.27428.2037
MinimumVisualStudioVersion = 10.0.40219.1
Project("{9A19103F-16F7-4668-BE54-9A1E7A4F7556}") = "DataResolve.Excel", "DataResolve.Excel\DataResolve.Excel.csproj", "{ED3CA04F-6514-4951-A7E9-49E069420040}"
EndProject
Global
	GlobalSection(SolutionConfigurationPlatforms) = preSolution
		Debug|Any CPU = Debug|Any CPU
		Release|Any CPU = Release|Any CPU
	EndGlobalSection
	GlobalSection(ProjectConfigurationPlatforms) = postSolution
		{ED3CA04F-6514-4951-A7E9-49E069420040}.Debug|Any CPU.ActiveCfg = Debug|Any CPU
		{ED3CA04F-6514-4951-A7E9-49E069420040}.Debug|Any CPU.Build.0 = Debug|Any CPU
		{ED3CA04F-6514-4951-A7E9-49E069420040}.Release|Any CPU.ActiveCfg = Release|Any CPU
		{ED3CA04F-6514-4951-A7E9-49E069420040}.Release|Any CPU.Build.0 = Release|Any CPU
	EndGlobalSection
	GlobalSection(SolutionProperties) = preSolution
		HideSolutionNode = FALSE
	EndGlobalSection
	GlobalSection(ExtensibilityGlobals) = postSolution
		SolutionGuid = {688525F3-8CCA-4820-8A5C-FD2EEA990A11}
	EndGlobalSection
EndGlobal
